
Microsoft Visual Studio Solution File, Format Version 12.00
# Visual Studio 15
VisualStudioVersion = 15.0.28307.572
MinimumVisualStudioVersion = 10.0.40219.1
Project("{FAE04EC0-301F-11D3-BF4B-00C04F79EFBC}") = "WxChat", "WxChat\WxChat.csproj", "{712AD398-1A9A-4B07-B718-A82EA7F9AC4B}"
EndProject
Project("{FAE04EC0-301F-11D3-BF4B-00C04F79EFBC}") = "WxApi", "WxApi\WxApi.csproj", "{A73DB136-0D94-4E58-B8D3-D80DE6B59C3B}"
EndProject
Global
	GlobalSection(SolutionConfigurationPlatforms) = preSolution
		Debug|Any CPU = Debug|Any CPU
		Release|Any CPU = Release|Any CPU
	EndGlobalSection
	GlobalSection(ProjectConfigurationPlatforms) = postSolution
		{712AD398-1A9A-4B07-B718-A82EA7F9AC4B}.Debug|Any CPU.ActiveCfg = Debug|Any CPU
		{712AD398-1A9A-4B07-B718-A82EA7F9AC4B}.Debug|Any CPU.Build.0 = Debug|Any CPU
		{712AD398-1A9A-4B07-B718-A82EA7F9AC4B}.Release|Any CPU.ActiveCfg = Release|Any CPU
		{712AD398-1A9A-4B07-B718-A82EA7F9AC4B}.Release|Any CPU.Build.0 = Release|Any CPU
		{A73DB136-0D94-4E58-B8D3-D80DE6B59C3B}.Debug|Any CPU.ActiveCfg = Debug|Any CPU
		{A73DB136-0D94-4E58-B8D3-D80DE6B59C3B}.Debug|Any CPU.Build.0 = Debug|Any CPU
		{A73DB136-0D94-4E58-B8D3-D80DE6B59C3B}.Release|Any CPU.ActiveCfg = Release|Any CPU
		{A73DB136-0D94-4E58-B8D3-D80DE6B59C3B}.Release|Any CPU.Build.0 = Release|Any CPU
	EndGlobalSection
	GlobalSection(SolutionProperties) = preSolution
		HideSolutionNode = FALSE
	EndGlobalSection
	GlobalSection(ExtensibilityGlobals) = postSolution
		SolutionGuid = {374CBFE9-FA00-4B23-912C-D7990CECF568}
	EndGlobalSection
EndGlobal
